{
  "name": "chain-encryption",
  "version": "0.9.1",
  "lockfileVersion": 1,
  "requires": true,
  "dependencies": {
    "ab2b64": {
      "version": "0.9.1",
      "resolved": "https://registry.npmjs.org/ab2b64/-/ab2b64-0.9.1.tgz",
      "integrity": "sha512-Th4b5p/VHmuzo9qXMXh+lvIH6bbtHNzeP3UZA2uwRKYsXPY1s3UXVdgAct0bSNqGGQUBMaNlb3UZgla9wSF73A=="
    },
    "crypto-js": {
      "version": "3.2.1",
      "resolved": "https://registry.npmjs.org/crypto-js/-/crypto-js-3.2.1.tgz",
      "integrity": "sha512-fIEXOyiXnmPbPk2+q8t97VYDSo8naqvI+2v0AJeLraQzhuL/GZ2qgcRpEadVQ7r8pXwBOHVjwOdyAXYYb3DWiQ=="
    },
    "one-time-pad-es6": {
      "version": "0.9.1",
      "resolved": "https://registry.npmjs.org/one-time-pad-es6/-/one-time-pad-es6-0.9.1.tgz",
      "integrity": "sha512-i7158FAC/7bSbagqjuyRW8aFVzQ9znHfE8i2q79IOUV4gn4QV/d+pqn5z3QRxPdj/kbuys+HPaSU66dR1av0gQ==",
      "requires": {
        "ab2b64": "^0.9.1"
      }
    }
  }
}
